
Microsoft Visual Studio Solution File, Format Version 12.00
# Visual Studio Version 17
VisualStudioVersion = 17.0.31903.59
MinimumVisualStudioVersion = 10.0.40219.1
Project("{2150E333-8FDC-42A3-9474-1A3956D46DE8}") = "Solution Items", "Solution Items", "{7A866ABC-7A8F-477E-992F-BA62BEAE43E0}"
EndProject
Project("{9A19103F-16F7-4668-BE54-9A1E7A4F7556}") = "Advent1b", "Advent1b\Advent1b.csproj", "{AC66EF26-E6FB-454A-9E93-AF8C581DDC12}"
EndProject
Project("{9A19103F-16F7-4668-BE54-9A1E7A4F7556}") = "Advent1a", "Advent1a\Advent1a.csproj", "{DF6FB970-A28D-4D62-9C2B-F7107D6BE524}"
EndProject
Project("{9A19103F-16F7-4668-BE54-9A1E7A4F7556}") = "Advent2a", "Advent2a\Advent2a.csproj", "{43BFD40B-2854-41AC-95BF-54CDDDD70600}"
EndProject
Project("{9A19103F-16F7-4668-BE54-9A1E7A4F7556}") = "Advent2b", "Advent2b\Advent2b.csproj", "{CBBC529C-8304-4DC1-96FE-4FC27785DC86}"
EndProject
Project("{9A19103F-16F7-4668-BE54-9A1E7A4F7556}") = "Advent3a", "Advent3a\Advent3a.csproj", "{206A0C5B-8F72-4EDC-B1A7-615EE2BCB85E}"
EndProject
Project("{9A19103F-16F7-4668-BE54-9A1E7A4F7556}") = "Advent3b", "Advent3b\Advent3b.csproj", "{FD3434B5-14C4-4A1A-8882-0DB799ADF072}"
EndProject
Project("{9A19103F-16F7-4668-BE54-9A1E7A4F7556}") = "Advent4a", "Advent4a\Advent4a.csproj", "{910394FB-F9DF-4BBB-9502-A34D85F559E4}"
EndProject
Project("{9A19103F-16F7-4668-BE54-9A1E7A4F7556}") = "Advent4b", "Advent4b\Advent4b.csproj", "{B1985F8F-A5C8-4D79-AE1C-AEA1799995CC}"
EndProject
Project("{9A19103F-16F7-4668-BE54-9A1E7A4F7556}") = "Advent5a", "Advent5a\Advent5a.csproj", "{B267B7BD-7A6F-43F4-B79B-52F536989C15}"
EndProject
Project("{9A19103F-16F7-4668-BE54-9A1E7A4F7556}") = "Advent6a", "Advent6a\Advent6a.csproj", "{D00B3557-2D34-4399-91B4-3BBCC9695388}"
EndProject
Project("{9A19103F-16F7-4668-BE54-9A1E7A4F7556}") = "Advent6b", "Advent6b\Advent6b.csproj", "{21B92198-F3E2-4A23-BD2E-32CBC3843966}"
EndProject
Project("{9A19103F-16F7-4668-BE54-9A1E7A4F7556}") = "Advent7a", "Advent7a\Advent7a.csproj", "{E1E1E495-6A82-4498-872C-47B6CED30E24}"
EndProject
Project("{9A19103F-16F7-4668-BE54-9A1E7A4F7556}") = "Advent8a", "Advent8a\Advent8a.csproj", "{7613312A-4C1D-439E-A30B-18298ABECF88}"
EndProject
Project("{9A19103F-16F7-4668-BE54-9A1E7A4F7556}") = "Advent9a", "Advent9a\Advent9a.csproj", "{8D322212-16B6-4FFB-B823-6A7655E752B6}"
EndProject
Project("{9A19103F-16F7-4668-BE54-9A1E7A4F7556}") = "Advent10a", "Advent10a\Advent10a.csproj", "{EF43677B-004F-4CAB-8FD3-D28D9DDF2189}"
EndProject
Project("{9A19103F-16F7-4668-BE54-9A1E7A4F7556}") = "Advent11a", "Advent11a\Advent11a.csproj", "{E1CBB656-A81D-43C6-9870-51DAE37420AE}"
EndProject
Project("{9A19103F-16F7-4668-BE54-9A1E7A4F7556}") = "Advent12a", "Advent12a\Advent12a.csproj", "{D7834633-A187-4499-A0CC-5DF42BCA553D}"
EndProject
Project("{FAE04EC0-301F-11D3-BF4B-00C04F79EFBC}") = "Advent13a", "Advent13a\Advent13a.csproj", "{57423EA4-C780-4A33-8ECB-9DD9CA6DE427}"
EndProject
Global
	GlobalSection(SolutionConfigurationPlatforms) = preSolution
		Debug|Any CPU = Debug|Any CPU
		Release|Any CPU = Release|Any CPU
	EndGlobalSection
	GlobalSection(ProjectConfigurationPlatforms) = postSolution
		{AC66EF26-E6FB-454A-9E93-AF8C581DDC12}.Debug|Any CPU.ActiveCfg = Debug|Any CPU
		{AC66EF26-E6FB-454A-9E93-AF8C581DDC12}.Debug|Any CPU.Build.0 = Debug|Any CPU
		{AC66EF26-E6FB-454A-9E93-AF8C581DDC12}.Release|Any CPU.ActiveCfg = Release|Any CPU
		{AC66EF26-E6FB-454A-9E93-AF8C581DDC12}.Release|Any CPU.Build.0 = Release|Any CPU
		{DF6FB970-A28D-4D62-9C2B-F7107D6BE524}.Debug|Any CPU.ActiveCfg = Debug|Any CPU
		{DF6FB970-A28D-4D62-9C2B-F7107D6BE524}.Debug|Any CPU.Build.0 = Debug|Any CPU
		{DF6FB970-A28D-4D62-9C2B-F7107D6BE524}.Release|Any CPU.ActiveCfg = Release|Any CPU
		{DF6FB970-A28D-4D62-9C2B-F7107D6BE524}.Release|Any CPU.Build.0 = Release|Any CPU
		{43BFD40B-2854-41AC-95BF-54CDDDD70600}.Debug|Any CPU.ActiveCfg = Debug|Any CPU
		{43BFD40B-2854-41AC-95BF-54CDDDD70600}.Debug|Any CPU.Build.0 = Debug|Any CPU
		{43BFD40B-2854-41AC-95BF-54CDDDD70600}.Release|Any CPU.ActiveCfg = Release|Any CPU
		{43BFD40B-2854-41AC-95BF-54CDDDD70600}.Release|Any CPU.Build.0 = Release|Any CPU
		{CBBC529C-8304-4DC1-96FE-4FC27785DC86}.Debug|Any CPU.ActiveCfg = Debug|Any CPU
		{CBBC529C-8304-4DC1-96FE-4FC27785DC86}.Debug|Any CPU.Build.0 = Debug|Any CPU
		{CBBC529C-8304-4DC1-96FE-4FC27785DC86}.Release|Any CPU.ActiveCfg = Release|Any CPU
		{CBBC529C-8304-4DC1-96FE-4FC27785DC86}.Release|Any CPU.Build.0 = Release|Any CPU
		{206A0C5B-8F72-4EDC-B1A7-615EE2BCB85E}.Debug|Any CPU.ActiveCfg = Debug|Any CPU
		{206A0C5B-8F72-4EDC-B1A7-615EE2BCB85E}.Debug|Any CPU.Build.0 = Debug|Any CPU
		{206A0C5B-8F72-4EDC-B1A7-615EE2BCB85E}.Release|Any CPU.ActiveCfg = Release|Any CPU
		{206A0C5B-8F72-4EDC-B1A7-615EE2BCB85E}.Release|Any CPU.Build.0 = Release|Any CPU
		{FD3434B5-14C4-4A1A-8882-0DB799ADF072}.Debug|Any CPU.ActiveCfg = Debug|Any CPU
		{FD3434B5-14C4-4A1A-8882-0DB799ADF072}.Debug|Any CPU.Build.0 = Debug|Any CPU
		{FD3434B5-14C4-4A1A-8882-0DB799ADF072}.Release|Any CPU.ActiveCfg = Release|Any CPU
		{FD3434B5-14C4-4A1A-8882-0DB799ADF072}.Release|Any CPU.Build.0 = Release|Any CPU
		{910394FB-F9DF-4BBB-9502-A34D85F559E4}.Debug|Any CPU.ActiveCfg = Debug|Any CPU
		{910394FB-F9DF-4BBB-9502-A34D85F559E4}.Debug|Any CPU.Build.0 = Debug|Any CPU
		{910394FB-F9DF-4BBB-9502-A34D85F559E4}.Release|Any CPU.ActiveCfg = Release|Any CPU
		{910394FB-F9DF-4BBB-9502-A34D85F559E4}.Release|Any CPU.Build.0 = Release|Any CPU
		{B1985F8F-A5C8-4D79-AE1C-AEA1799995CC}.Debug|Any CPU.ActiveCfg = Debug|Any CPU
		{B1985F8F-A5C8-4D79-AE1C-AEA1799995CC}.Debug|Any CPU.Build.0 = Debug|Any CPU
		{B1985F8F-A5C8-4D79-AE1C-AEA1799995CC}.Release|Any CPU.ActiveCfg = Release|Any CPU
		{B1985F8F-A5C8-4D79-AE1C-AEA1799995CC}.Release|Any CPU.Build.0 = Release|Any CPU
		{B267B7BD-7A6F-43F4-B79B-52F536989C15}.Debug|Any CPU.ActiveCfg = Debug|Any CPU
		{B267B7BD-7A6F-43F4-B79B-52F536989C15}.Debug|Any CPU.Build.0 = Debug|Any CPU
		{B267B7BD-7A6F-43F4-B79B-52F536989C15}.Release|Any CPU.ActiveCfg = Release|Any CPU
		{B267B7BD-7A6F-43F4-B79B-52F536989C15}.Release|Any CPU.Build.0 = Release|Any CPU
		{D00B3557-2D34-4399-91B4-3BBCC9695388}.Debug|Any CPU.ActiveCfg = Debug|Any CPU
		{D00B3557-2D34-4399-91B4-3BBCC9695388}.Debug|Any CPU.Build.0 = Debug|Any CPU
		{D00B3557-2D34-4399-91B4-3BBCC9695388}.Release|Any CPU.ActiveCfg = Release|Any CPU
		{D00B3557-2D34-4399-91B4-3BBCC9695388}.Release|Any CPU.Build.0 = Release|Any CPU
		{21B92198-F3E2-4A23-BD2E-32CBC3843966}.Debug|Any CPU.ActiveCfg = Debug|Any CPU
		{21B92198-F3E2-4A23-BD2E-32CBC3843966}.Debug|Any CPU.Build.0 = Debug|Any CPU
		{21B92198-F3E2-4A23-BD2E-32CBC3843966}.Release|Any CPU.ActiveCfg = Release|Any CPU
		{21B92198-F3E2-4A23-BD2E-32CBC3843966}.Release|Any CPU.Build.0 = Release|Any CPU
		{E1E1E495-6A82-4498-872C-47B6CED30E24}.Debug|Any CPU.ActiveCfg = Debug|Any CPU
		{E1E1E495-6A82-4498-872C-47B6CED30E24}.Debug|Any CPU.Build.0 = Debug|Any CPU
		{E1E1E495-6A82-4498-872C-47B6CED30E24}.Release|Any CPU.ActiveCfg = Release|Any CPU
		{E1E1E495-6A82-4498-872C-47B6CED30E24}.Release|Any CPU.Build.0 = Release|Any CPU
		{7613312A-4C1D-439E-A30B-18298ABECF88}.Debug|Any CPU.ActiveCfg = Debug|Any CPU
		{7613312A-4C1D-439E-A30B-18298ABECF88}.Debug|Any CPU.Build.0 = Debug|Any CPU
		{7613312A-4C1D-439E-A30B-18298ABECF88}.Release|Any CPU.ActiveCfg = Release|Any CPU
		{7613312A-4C1D-439E-A30B-18298ABECF88}.Release|Any CPU.Build.0 = Release|Any CPU
		{8D322212-16B6-4FFB-B823-6A7655E752B6}.Debug|Any CPU.ActiveCfg = Debug|Any CPU
		{8D322212-16B6-4FFB-B823-6A7655E752B6}.Debug|Any CPU.Build.0 = Debug|Any CPU
		{8D322212-16B6-4FFB-B823-6A7655E752B6}.Release|Any CPU.ActiveCfg = Release|Any CPU
		{8D322212-16B6-4FFB-B823-6A7655E752B6}.Release|Any CPU.Build.0 = Release|Any CPU
		{EF43677B-004F-4CAB-8FD3-D28D9DDF2189}.Debug|Any CPU.ActiveCfg = Debug|Any CPU
		{EF43677B-004F-4CAB-8FD3-D28D9DDF2189}.Debug|Any CPU.Build.0 = Debug|Any CPU
		{EF43677B-004F-4CAB-8FD3-D28D9DDF2189}.Release|Any CPU.ActiveCfg = Release|Any CPU
		{EF43677B-004F-4CAB-8FD3-D28D9DDF2189}.Release|Any CPU.Build.0 = Release|Any CPU
		{E1CBB656-A81D-43C6-9870-51DAE37420AE}.Debug|Any CPU.ActiveCfg = Debug|Any CPU
		{E1CBB656-A81D-43C6-9870-51DAE37420AE}.Debug|Any CPU.Build.0 = Debug|Any CPU
		{E1CBB656-A81D-43C6-9870-51DAE37420AE}.Release|Any CPU.ActiveCfg = Release|Any CPU
		{E1CBB656-A81D-43C6-9870-51DAE37420AE}.Release|Any CPU.Build.0 = Release|Any CPU
		{D7834633-A187-4499-A0CC-5DF42BCA553D}.Debug|Any CPU.ActiveCfg = Debug|Any CPU
		{D7834633-A187-4499-A0CC-5DF42BCA553D}.Debug|Any CPU.Build.0 = Debug|Any CPU
		{D7834633-A187-4499-A0CC-5DF42BCA553D}.Release|Any CPU.ActiveCfg = Release|Any CPU
		{D7834633-A187-4499-A0CC-5DF42BCA553D}.Release|Any CPU.Build.0 = Release|Any CPU
		{57423EA4-C780-4A33-8ECB-9DD9CA6DE427}.Debug|Any CPU.ActiveCfg = Debug|Any CPU
		{57423EA4-C780-4A33-8ECB-9DD9CA6DE427}.Debug|Any CPU.Build.0 = Debug|Any CPU
		{57423EA4-C780-4A33-8ECB-9DD9CA6DE427}.Release|Any CPU.ActiveCfg = Release|Any CPU
		{57423EA4-C780-4A33-8ECB-9DD9CA6DE427}.Release|Any CPU.Build.0 = Release|Any CPU
	EndGlobalSection
	GlobalSection(SolutionProperties) = preSolution
		HideSolutionNode = FALSE
	EndGlobalSection
	GlobalSection(ExtensibilityGlobals) = postSolution
		SolutionGuid = {16A995B3-E16E-4497-B818-145F5553B523}
	EndGlobalSection
EndGlobal
